// !$*UTF8*$!
{
	archiveVersion = 1;
	classes = {
	};
	objectVersion = 48;
	objects = {

/* Begin PBXBuildFile section */
		6890B8121F7CC25500ACB755 /* AppDelegate.swift in Sources */ = {isa = PBXBuildFile; fileRef = 6890B8111F7CC25500ACB755 /* AppDelegate.swift */; };
		6890B8141F7CC25500ACB755 /* RootViewController.swift in Sources */ = {isa = PBXBuildFile; fileRef = 6890B8131F7CC25500ACB755 /* RootViewController.swift */; };
		6890B8171F7CC25500ACB755 /* Main.storyboard in Resources */ = {isa = PBXBuildFile; fileRef = 6890B8151F7CC25500ACB755 /* Main.storyboard */; };
		6890B8191F7CC25500ACB755 /* Assets.xcassets in Resources */ = {isa = PBXBuildFile; fileRef = 6890B8181F7CC25500ACB755 /* Assets.xcassets */; };
		6890B81C1F7CC25500ACB755 /* LaunchScreen.storyboard in Resources */ = {isa = PBXBuildFile; fileRef = 6890B81A1F7CC25500ACB755 /* LaunchScreen.storyboard */; };
		6890B8461F7CC4D700ACB755 /* Default-568h@2x.png in Resources */ = {isa = PBXBuildFile; fileRef = 6890B8451F7CC4D700ACB755 /* Default-568h@2x.png */; };
		E01A16E11FD946B200CBDE75 /* URLSessionDataTaskProtocol.swift in Sources */ = {isa = PBXBuildFile; fileRef = E01A16E01FD946B200CBDE75 /* URLSessionDataTaskProtocol.swift */; };
		E01A16E31FD946F000CBDE75 /* URLSessionDataTask.swift in Sources */ = {isa = PBXBuildFile; fileRef = E01A16E21FD946F000CBDE75 /* URLSessionDataTask.swift */; };
		E01A16E51FD947BE00CBDE75 /* MockURLSessionDataTask.swift in Sources */ = {isa = PBXBuildFile; fileRef = E01A16E41FD947BE00CBDE75 /* MockURLSessionDataTask.swift */; };
		E06616E71FDE24E900EE6C2B /* WeatherViewController.swift in Sources */ = {isa = PBXBuildFile; fileRef = E06616E61FDE24E900EE6C2B /* WeatherViewController.swift */; };
		E06616E91FDE261800EE6C2B /* CurrentWeatherViewController.swift in Sources */ = {isa = PBXBuildFile; fileRef = E06616E81FDE261800EE6C2B /* CurrentWeatherViewController.swift */; };
		E06616EB1FDE26B600EE6C2B /* Double.swift in Sources */ = {isa = PBXBuildFile; fileRef = E06616EA1FDE26B600EE6C2B /* Double.swift */; };
		E06616EF1FDE5E9600EE6C2B /* CurrentWeatherViewModel.swift in Sources */ = {isa = PBXBuildFile; fileRef = E06616EE1FDE5E9600EE6C2B /* CurrentWeatherViewModel.swift */; };
		E06616F11FDE603E00EE6C2B /* UIImage.swift in Sources */ = {isa = PBXBuildFile; fileRef = E06616F01FDE603E00EE6C2B /* UIImage.swift */; };
		E06616F31FDE663300EE6C2B /* CurrentWeatherUITests.swift in Sources */ = {isa = PBXBuildFile; fileRef = E06616F21FDE663300EE6C2B /* CurrentWeatherUITests.swift */; };
		E06616F51FDE7B4E00EE6C2B /* WeekWeatherViewController.swift in Sources */ = {isa = PBXBuildFile; fileRef = E06616F41FDE7B4E00EE6C2B /* WeekWeatherViewController.swift */; };
		E06616F81FDE7C6200EE6C2B /* WeekWeatherTableViewCell.swift in Sources */ = {isa = PBXBuildFile; fileRef = E06616F71FDE7C6200EE6C2B /* WeekWeatherTableViewCell.swift */; };
		E06616FA1FDE808A00EE6C2B /* ForecastData.swift in Sources */ = {isa = PBXBuildFile; fileRef = E06616F91FDE808A00EE6C2B /* ForecastData.swift */; };
		E06616FC1FDE80E100EE6C2B /* WeekWeatherViewModel.swift in Sources */ = {isa = PBXBuildFile; fileRef = E06616FB1FDE80E100EE6C2B /* WeekWeatherViewModel.swift */; };
		E0D39A4C1FD921EC000CED99 /* Configuration.swift in Sources */ = {isa = PBXBuildFile; fileRef = E0D39A4B1FD921EC000CED99 /* Configuration.swift */; };
		E0D39A4F1FD922FB000CED99 /* Location.swift in Sources */ = {isa = PBXBuildFile; fileRef = E0D39A4E1FD922FB000CED99 /* Location.swift */; };
		E0D39A511FD92364000CED99 /* WeatherData.swift in Sources */ = {isa = PBXBuildFile; fileRef = E0D39A501FD92364000CED99 /* WeatherData.swift */; };
		E0D39A541FD923DC000CED99 /* WeatherDataManager.swift in Sources */ = {isa = PBXBuildFile; fileRef = E0D39A531FD923DC000CED99 /* WeatherDataManager.swift */; };
		E0D39A591FD93DC7000CED99 /* URLSessionProtocol.swift in Sources */ = {isa = PBXBuildFile; fileRef = E0D39A581FD93DC7000CED99 /* URLSessionProtocol.swift */; };
		E0D39A5C1FD93EEA000CED99 /* URLSession.swift in Sources */ = {isa = PBXBuildFile; fileRef = E0D39A5B1FD93EEA000CED99 /* URLSession.swift */; };
		E0D39A681FD943BD000CED99 /* SkyTests.swift in Sources */ = {isa = PBXBuildFile; fileRef = E0D39A671FD943BD000CED99 /* SkyTests.swift */; };
/* End PBXBuildFile section */

/* Begin PBXContainerItemProxy section */
		6890B82E1F7CC25500ACB755 /* PBXContainerItemProxy */ = {
			isa = PBXContainerItemProxy;
			containerPortal = 6890B8061F7CC25500ACB755 /* Project object */;
			proxyType = 1;
			remoteGlobalIDString = 6890B80D1F7CC25500ACB755;
			remoteInfo = Sky;
		};
		E0D39A6A1FD943BD000CED99 /* PBXContainerItemProxy */ = {
			isa = PBXContainerItemProxy;
			containerPortal = 6890B8061F7CC25500ACB755 /* Project object */;
			proxyType = 1;
			remoteGlobalIDString = 6890B80D1F7CC25500ACB755;
			remoteInfo = Sky;
		};
/* End PBXContainerItemProxy section */

/* Begin PBXFileReference section */
		6890B80E1F7CC25500ACB755 /* Sky.app */ = {isa = PBXFileReference; explicitFileType = wrapper.application; includeInIndex = 0; path = Sky.app; sourceTree = BUILT_PRODUCTS_DIR; };
		6890B8111F7CC25500ACB755 /* AppDelegate.swift */ = {isa = PBXFileReference; lastKnownFileType = sourcecode.swift; path = AppDelegate.swift; sourceTree = "<group>"; };
		6890B8131F7CC25500ACB755 /* RootViewController.swift */ = {isa = PBXFileReference; lastKnownFileType = sourcecode.swift; path = RootViewController.swift; sourceTree = "<group>"; };
		6890B8161F7CC25500ACB755 /* Base */ = {isa = PBXFileReference; lastKnownFileType = file.storyboard; name = Base; path = Base.lproj/Main.storyboard; sourceTree = "<group>"; };
		6890B8181F7CC25500ACB755 /* Assets.xcassets */ = {isa = PBXFileReference; lastKnownFileType = folder.assetcatalog; path = Assets.xcassets; sourceTree = "<group>"; };
		6890B81B1F7CC25500ACB755 /* Base */ = {isa = PBXFileReference; lastKnownFileType = file.storyboard; name = Base; path = Base.lproj/LaunchScreen.storyboard; sourceTree = "<group>"; };
		6890B81D1F7CC25500ACB755 /* Info.plist */ = {isa = PBXFileReference; lastKnownFileType = text.plist.xml; path = Info.plist; sourceTree = "<group>"; };
		6890B8281F7CC25500ACB755 /* Info.plist */ = {isa = PBXFileReference; lastKnownFileType = text.plist.xml; path = Info.plist; sourceTree = "<group>"; };
		6890B82D1F7CC25500ACB755 /* SkyUITests.xctest */ = {isa = PBXFileReference; explicitFileType = wrapper.cfbundle; includeInIndex = 0; path = SkyUITests.xctest; sourceTree = BUILT_PRODUCTS_DIR; };
		6890B8331F7CC25500ACB755 /* Info.plist */ = {isa = PBXFileReference; lastKnownFileType = text.plist.xml; path = Info.plist; sourceTree = "<group>"; };
		6890B8451F7CC4D700ACB755 /* Default-568h@2x.png */ = {isa = PBXFileReference; lastKnownFileType = image.png; path = "Default-568h@2x.png"; sourceTree = "<group>"; };
		E01A16E01FD946B200CBDE75 /* URLSessionDataTaskProtocol.swift */ = {isa = PBXFileReference; lastKnownFileType = sourcecode.swift; path = URLSessionDataTaskProtocol.swift; sourceTree = "<group>"; };
		E01A16E21FD946F000CBDE75 /* URLSessionDataTask.swift */ = {isa = PBXFileReference; lastKnownFileType = sourcecode.swift; path = URLSessionDataTask.swift; sourceTree = "<group>"; };
		E01A16E41FD947BE00CBDE75 /* MockURLSessionDataTask.swift */ = {isa = PBXFileReference; lastKnownFileType = sourcecode.swift; path = MockURLSessionDataTask.swift; sourceTree = "<group>"; };
		E06616E61FDE24E900EE6C2B /* WeatherViewController.swift */ = {isa = PBXFileReference; lastKnownFileType = sourcecode.swift; path = WeatherViewController.swift; sourceTree = "<group>"; };
		E06616E81FDE261800EE6C2B /* CurrentWeatherViewController.swift */ = {isa = PBXFileReference; lastKnownFileType = sourcecode.swift; path = CurrentWeatherViewController.swift; sourceTree = "<group>"; };
		E06616EA1FDE26B600EE6C2B /* Double.swift */ = {isa = PBXFileReference; lastKnownFileType = sourcecode.swift; path = Double.swift; sourceTree = "<group>"; };
		E06616EE1FDE5E9600EE6C2B /* CurrentWeatherViewModel.swift */ = {isa = PBXFileReference; lastKnownFileType = sourcecode.swift; path = CurrentWeatherViewModel.swift; sourceTree = "<group>"; };
		E06616F01FDE603E00EE6C2B /* UIImage.swift */ = {isa = PBXFileReference; lastKnownFileType = sourcecode.swift; path = UIImage.swift; sourceTree = "<group>"; };
		E06616F21FDE663300EE6C2B /* CurrentWeatherUITests.swift */ = {isa = PBXFileReference; lastKnownFileType = sourcecode.swift; path = CurrentWeatherUITests.swift; sourceTree = "<group>"; };
		E06616F41FDE7B4E00EE6C2B /* WeekWeatherViewController.swift */ = {isa = PBXFileReference; lastKnownFileType = sourcecode.swift; path = WeekWeatherViewController.swift; sourceTree = "<group>"; };
		E06616F71FDE7C6200EE6C2B /* WeekWeatherTableViewCell.swift */ = {isa = PBXFileReference; lastKnownFileType = sourcecode.swift; path = WeekWeatherTableViewCell.swift; sourceTree = "<group>"; };
		E06616F91FDE808A00EE6C2B /* ForecastData.swift */ = {isa = PBXFileReference; lastKnownFileType = sourcecode.swift; path = ForecastData.swift; sourceTree = "<group>"; };
		E06616FB1FDE80E100EE6C2B /* WeekWeatherViewModel.swift */ = {isa = PBXFileReference; lastKnownFileType = sourcecode.swift; path = WeekWeatherViewModel.swift; sourceTree = "<group>"; };
		E0D39A4B1FD921EC000CED99 /* Configuration.swift */ = {isa = PBXFileReference; lastKnownFileType = sourcecode.swift; path = Configuration.swift; sourceTree = "<group>"; };
		E0D39A4E1FD922FB000CED99 /* Location.swift */ = {isa = PBXFileReference; lastKnownFileType = sourcecode.swift; path = Location.swift; sourceTree = "<group>"; };
		E0D39A501FD92364000CED99 /* WeatherData.swift */ = {isa = PBXFileReference; lastKnownFileType = sourcecode.swift; path = WeatherData.swift; sourceTree = "<group>"; };
		E0D39A531FD923DC000CED99 /* WeatherDataManager.swift */ = {isa = PBXFileReference; lastKnownFileType = sourcecode.swift; path = WeatherDataManager.swift; sourceTree = "<group>"; };
		E0D39A551FD939E3000CED99 /* WeatherDataManageTest.swift */ = {isa = PBXFileReference; lastKnownFileType = sourcecode.swift; path = WeatherDataManageTest.swift; sourceTree = "<group>"; };
		E0D39A581FD93DC7000CED99 /* URLSessionProtocol.swift */ = {isa = PBXFileReference; lastKnownFileType = sourcecode.swift; path = URLSessionProtocol.swift; sourceTree = "<group>"; };
		E0D39A5B1FD93EEA000CED99 /* URLSession.swift */ = {isa = PBXFileReference; lastKnownFileType = sourcecode.swift; path = URLSession.swift; sourceTree = "<group>"; };
		E0D39A5F1FD94231000CED99 /* MockURLSession.swift */ = {isa = PBXFileReference; lastKnownFileType = sourcecode.swift; path = MockURLSession.swift; sourceTree = "<group>"; };
		E0D39A651FD943BD000CED99 /* SkyTests.xctest */ = {isa = PBXFileReference; explicitFileType = wrapper.cfbundle; includeInIndex = 0; path = SkyTests.xctest; sourceTree = BUILT_PRODUCTS_DIR; };
		E0D39A671FD943BD000CED99 /* SkyTests.swift */ = {isa = PBXFileReference; lastKnownFileType = sourcecode.swift; path = SkyTests.swift; sourceTree = "<group>"; };
		E0D39A691FD943BD000CED99 /* Info.plist */ = {isa = PBXFileReference; lastKnownFileType = text.plist.xml; path = Info.plist; sourceTree = "<group>"; };
/* End PBXFileReference section */

/* Begin PBXFrameworksBuildPhase section */
		6890B80B1F7CC25500ACB755 /* Frameworks */ = {
			isa = PBXFrameworksBuildPhase;
			buildActionMask = 2147483647;
			files = (
			);
			runOnlyForDeploymentPostprocessing = 0;
		};
		6890B82A1F7CC25500ACB755 /* Frameworks */ = {
			isa = PBXFrameworksBuildPhase;
			buildActionMask = 2147483647;
			files = (
			);
			runOnlyForDeploymentPostprocessing = 0;
		};
		E0D39A621FD943BD000CED99 /* Frameworks */ = {
			isa = PBXFrameworksBuildPhase;
			buildActionMask = 2147483647;
			files = (
			);
			runOnlyForDeploymentPostprocessing = 0;
		};
/* End PBXFrameworksBuildPhase section */

/* Begin PBXGroup section */
		6890B8051F7CC25500ACB755 = {
			isa = PBXGroup;
			children = (
				6890B8451F7CC4D700ACB755 /* Default-568h@2x.png */,
				6890B8101F7CC25500ACB755 /* Sky */,
				6890B8251F7CC25500ACB755 /* SkyTests */,
				6890B8301F7CC25500ACB755 /* SkyUITests */,
				E0D39A661FD943BD000CED99 /* SkyTests */,
				6890B80F1F7CC25500ACB755 /* Products */,
			);
			sourceTree = "<group>";
		};
		6890B80F1F7CC25500ACB755 /* Products */ = {
			isa = PBXGroup;
			children = (
				6890B80E1F7CC25500ACB755 /* Sky.app */,
				6890B82D1F7CC25500ACB755 /* SkyUITests.xctest */,
				E0D39A651FD943BD000CED99 /* SkyTests.xctest */,
			);
			name = Products;
			sourceTree = "<group>";
		};
		6890B8101F7CC25500ACB755 /* Sky */ = {
			isa = PBXGroup;
			children = (
				E0D39A5A1FD93EC4000CED99 /* Extensions */,
				E0D39A571FD93DA6000CED99 /* Protocols */,
				6890B8401F7CC3AD00ACB755 /* Delegates */,
				6890B8441F7CC3CF00ACB755 /* ViewControllers */,
				E0D39A4D1FD922CA000CED99 /* Models */,
				E0D39A521FD923BF000CED99 /* Manager */,
				6890B8411F7CC3B200ACB755 /* Resources */,
				E0D39A4A1FD921C1000CED99 /* Configuration */,
				6890B8421F7CC3BF00ACB755 /* Storyboards */,
				6890B8431F7CC3C600ACB755 /* SupportingFiles */,
			);
			path = Sky;
			sourceTree = "<group>";
		};
		6890B8251F7CC25500ACB755 /* SkyTests */ = {
			isa = PBXGroup;
			children = (
				E0D39A551FD939E3000CED99 /* WeatherDataManageTest.swift */,
				E0D39A5F1FD94231000CED99 /* MockURLSession.swift */,
				E01A16E41FD947BE00CBDE75 /* MockURLSessionDataTask.swift */,
				6890B8281F7CC25500ACB755 /* Info.plist */,
			);
			path = SkyTests;
			sourceTree = "<group>";
		};
		6890B8301F7CC25500ACB755 /* SkyUITests */ = {
			isa = PBXGroup;
			children = (
				6890B8331F7CC25500ACB755 /* Info.plist */,
				E06616F21FDE663300EE6C2B /* CurrentWeatherUITests.swift */,
			);
			path = SkyUITests;
			sourceTree = "<group>";
		};
		6890B8401F7CC3AD00ACB755 /* Delegates */ = {
			isa = PBXGroup;
			children = (
				6890B8111F7CC25500ACB755 /* AppDelegate.swift */,
			);
			path = Delegates;
			sourceTree = "<group>";
		};
		6890B8411F7CC3B200ACB755 /* Resources */ = {
			isa = PBXGroup;
			children = (
				6890B8181F7CC25500ACB755 /* Assets.xcassets */,
			);
			path = Resources;
			sourceTree = "<group>";
		};
		6890B8421F7CC3BF00ACB755 /* Storyboards */ = {
			isa = PBXGroup;
			children = (
				6890B8151F7CC25500ACB755 /* Main.storyboard */,
				6890B81A1F7CC25500ACB755 /* LaunchScreen.storyboard */,
			);
			path = Storyboards;
			sourceTree = "<group>";
		};
		6890B8431F7CC3C600ACB755 /* SupportingFiles */ = {
			isa = PBXGroup;
			children = (
				6890B81D1F7CC25500ACB755 /* Info.plist */,
			);
			path = SupportingFiles;
			sourceTree = "<group>";
		};
		6890B8441F7CC3CF00ACB755 /* ViewControllers */ = {
			isa = PBXGroup;
			children = (
				E06616EC1FDE292D00EE6C2B /* RootViewController */,
				E06616E51FDE24B800EE6C2B /* WeatherViewControllers */,
			);
			path = ViewControllers;
			sourceTree = "<group>";
		};
		E06616E51FDE24B800EE6C2B /* WeatherViewControllers */ = {
			isa = PBXGroup;
			children = (
				E06616E61FDE24E900EE6C2B /* WeatherViewController.swift */,
				E06616E81FDE261800EE6C2B /* CurrentWeatherViewController.swift */,
				E06616F41FDE7B4E00EE6C2B /* WeekWeatherViewController.swift */,
				E06616F61FDE7C4A00EE6C2B /* TableViewCells */,
				E06616ED1FDE5E7700EE6C2B /* ViewModels  */,
			);
			path = WeatherViewControllers;
			sourceTree = "<group>";
		};
		E06616EC1FDE292D00EE6C2B /* RootViewController */ = {
			isa = PBXGroup;
			children = (
				6890B8131F7CC25500ACB755 /* RootViewController.swift */,
			);
			path = RootViewController;
			sourceTree = "<group>";
		};
		E06616ED1FDE5E7700EE6C2B /* ViewModels  */ = {
			isa = PBXGroup;
			children = (
				E06616EE1FDE5E9600EE6C2B /* CurrentWeatherViewModel.swift */,
				E06616FB1FDE80E100EE6C2B /* WeekWeatherViewModel.swift */,
			);
			path = "ViewModels ";
			sourceTree = "<group>";
		};
		E06616F61FDE7C4A00EE6C2B /* TableViewCells */ = {
			isa = PBXGroup;
			children = (
				E06616F71FDE7C6200EE6C2B /* WeekWeatherTableViewCell.swift */,
			);
			path = TableViewCells;
			sourceTree = "<group>";
		};
		E0D39A4A1FD921C1000CED99 /* Configuration */ = {
			isa = PBXGroup;
			children = (
				E0D39A4B1FD921EC000CED99 /* Configuration.swift */,
			);
			path = Configuration;
			sourceTree = "<group>";
		};
		E0D39A4D1FD922CA000CED99 /* Models */ = {
			isa = PBXGroup;
			children = (
				E0D39A4E1FD922FB000CED99 /* Location.swift */,
				E0D39A501FD92364000CED99 /* WeatherData.swift */,
				E06616F91FDE808A00EE6C2B /* ForecastData.swift */,
			);
			path = Models;
			sourceTree = "<group>";
		};
		E0D39A521FD923BF000CED99 /* Manager */ = {
			isa = PBXGroup;
			children = (
				E0D39A531FD923DC000CED99 /* WeatherDataManager.swift */,
			);
			path = Manager;
			sourceTree = "<group>";
		};
		E0D39A571FD93DA6000CED99 /* Protocols */ = {
			isa = PBXGroup;
			children = (
				E0D39A581FD93DC7000CED99 /* URLSessionProtocol.swift */,
				E01A16E01FD946B200CBDE75 /* URLSessionDataTaskProtocol.swift */,
			);
			path = Protocols;
			sourceTree = "<group>";
		};
		E0D39A5A1FD93EC4000CED99 /* Extensions */ = {
			isa = PBXGroup;
			children = (
				E0D39A5B1FD93EEA000CED99 /* URLSession.swift */,
				E01A16E21FD946F000CBDE75 /* URLSessionDataTask.swift */,
				E06616EA1FDE26B600EE6C2B /* Double.swift */,
				E06616F01FDE603E00EE6C2B /* UIImage.swift */,
			);
			path = Extensions;
			sourceTree = "<group>";
		};
		E0D39A661FD943BD000CED99 /* SkyTests */ = {
			isa = PBXGroup;
			children = (
				E0D39A671FD943BD000CED99 /* SkyTests.swift */,
				E0D39A691FD943BD000CED99 /* Info.plist */,
			);
			path = SkyTests;
			sourceTree = "<group>";
		};
/* End PBXGroup section */

/* Begin PBXNativeTarget section */
		6890B80D1F7CC25500ACB755 /* Sky */ = {
			isa = PBXNativeTarget;
			buildConfigurationList = 6890B8361F7CC25500ACB755 /* Build configuration list for PBXNativeTarget "Sky" */;
			buildPhases = (
				6890B80A1F7CC25500ACB755 /* Sources */,
				6890B80B1F7CC25500ACB755 /* Frameworks */,
				6890B80C1F7CC25500ACB755 /* Resources */,
			);
			buildRules = (
			);
			dependencies = (
			);
			name = Sky;
			productName = Sky;
			productReference = 6890B80E1F7CC25500ACB755 /* Sky.app */;
			productType = "com.apple.product-type.application";
		};
		6890B82C1F7CC25500ACB755 /* SkyUITests */ = {
			isa = PBXNativeTarget;
			buildConfigurationList = 6890B83C1F7CC25500ACB755 /* Build configuration list for PBXNativeTarget "SkyUITests" */;
			buildPhases = (
				6890B8291F7CC25500ACB755 /* Sources */,
				6890B82A1F7CC25500ACB755 /* Frameworks */,
				6890B82B1F7CC25500ACB755 /* Resources */,
			);
			buildRules = (
			);
			dependencies = (
				6890B82F1F7CC25500ACB755 /* PBXTargetDependency */,
			);
			name = SkyUITests;
			productName = SkyUITests;
			productReference = 6890B82D1F7CC25500ACB755 /* SkyUITests.xctest */;
			productType = "com.apple.product-type.bundle.ui-testing";
		};
		E0D39A641FD943BD000CED99 /* SkyTests */ = {
			isa = PBXNativeTarget;
			buildConfigurationList = E0D39A6C1FD943BD000CED99 /* Build configuration list for PBXNativeTarget "SkyTests" */;
			buildPhases = (
				E0D39A611FD943BD000CED99 /* Sources */,
				E0D39A621FD943BD000CED99 /* Frameworks */,
				E0D39A631FD943BD000CED99 /* Resources */,
			);
			buildRules = (
			);
			dependencies = (
				E0D39A6B1FD943BD000CED99 /* PBXTargetDependency */,
			);
			name = SkyTests;
			productName = SkyTests;
			productReference = E0D39A651FD943BD000CED99 /* SkyTests.xctest */;
			productType = "com.apple.product-type.bundle.unit-test";
		};
/* End PBXNativeTarget section */

/* Begin PBXProject section */
		6890B8061F7CC25500ACB755 /* Project object */ = {
			isa = PBXProject;
			attributes = {
				LastSwiftUpdateCheck = 0920;
				LastUpgradeCheck = 0900;
				ORGANIZATIONNAME = Mars;
				TargetAttributes = {
					6890B80D1F7CC25500ACB755 = {
						CreatedOnToolsVersion = 9.0;
						ProvisioningStyle = Automatic;
					};
					6890B82C1F7CC25500ACB755 = {
						CreatedOnToolsVersion = 9.0;
						LastSwiftMigration = 0920;
						ProvisioningStyle = Automatic;
						TestTargetID = 6890B80D1F7CC25500ACB755;
					};
					E0D39A641FD943BD000CED99 = {
						CreatedOnToolsVersion = 9.2;
						ProvisioningStyle = Automatic;
						TestTargetID = 6890B80D1F7CC25500ACB755;
					};
				};
			};
			buildConfigurationList = 6890B8091F7CC25500ACB755 /* Build configuration list for PBXProject "Sky" */;
			compatibilityVersion = "Xcode 8.0";
			developmentRegion = en;
			hasScannedForEncodings = 0;
			knownRegions = (
				en,
				Base,
			);
			mainGroup = 6890B8051F7CC25500ACB755;
			productRefGroup = 6890B80F1F7CC25500ACB755 /* Products */;
			projectDirPath = "";
			projectRoot = "";
			targets = (
				6890B80D1F7CC25500ACB755 /* Sky */,
				E0D39A641FD943BD000CED99 /* SkyTests */,
				6890B82C1F7CC25500ACB755 /* SkyUITests */,
			);
		};
/* End PBXProject section */

/* Begin PBXResourcesBuildPhase section */
		6890B80C1F7CC25500ACB755 /* Resources */ = {
			isa = PBXResourcesBuildPhase;
			buildActionMask = 2147483647;
			files = (
				6890B81C1F7CC25500ACB755 /* LaunchScreen.storyboard in Resources */,
				6890B8461F7CC4D700ACB755 /* Default-568h@2x.png in Resources */,
				6890B8191F7CC25500ACB755 /* Assets.xcassets in Resources */,
				6890B8171F7CC25500ACB755 /* Main.storyboard in Resources */,
			);
			runOnlyForDeploymentPostprocessing = 0;
		};
		6890B82B1F7CC25500ACB755 /* Resources */ = {
			isa = PBXResourcesBuildPhase;
			buildActionMask = 2147483647;
			files = (
			);
			runOnlyForDeploymentPostprocessing = 0;
		};
		E0D39A631FD943BD000CED99 /* Resources */ = {
			isa = PBXResourcesBuildPhase;
			buildActionMask = 2147483647;
			files = (
			);
			runOnlyForDeploymentPostprocessing = 0;
		};
/* End PBXResourcesBuildPhase section */

/* Begin PBXSourcesBuildPhase section */
		6890B80A1F7CC25500ACB755 /* Sources */ = {
			isa = PBXSourcesBuildPhase;
			buildActionMask = 2147483647;
			files = (
				E0D39A591FD93DC7000CED99 /* URLSessionProtocol.swift in Sources */,
				E0D39A541FD923DC000CED99 /* WeatherDataManager.swift in Sources */,
				E01A16E11FD946B200CBDE75 /* URLSessionDataTaskProtocol.swift in Sources */,
				E06616FC1FDE80E100EE6C2B /* WeekWeatherViewModel.swift in Sources */,
				E01A16E31FD946F000CBDE75 /* URLSessionDataTask.swift in Sources */,
				E06616EB1FDE26B600EE6C2B /* Double.swift in Sources */,
				E06616F51FDE7B4E00EE6C2B /* WeekWeatherViewController.swift in Sources */,
				E06616F81FDE7C6200EE6C2B /* WeekWeatherTableViewCell.swift in Sources */,
				E0D39A5C1FD93EEA000CED99 /* URLSession.swift in Sources */,
				E06616F11FDE603E00EE6C2B /* UIImage.swift in Sources */,
				E0D39A4C1FD921EC000CED99 /* Configuration.swift in Sources */,
				E0D39A511FD92364000CED99 /* WeatherData.swift in Sources */,
				6890B8141F7CC25500ACB755 /* RootViewController.swift in Sources */,
				E0D39A4F1FD922FB000CED99 /* Location.swift in Sources */,
				6890B8121F7CC25500ACB755 /* AppDelegate.swift in Sources */,
				E06616E71FDE24E900EE6C2B /* WeatherViewController.swift in Sources */,
				E06616E91FDE261800EE6C2B /* CurrentWeatherViewController.swift in Sources */,
				E06616FA1FDE808A00EE6C2B /* ForecastData.swift in Sources */,
				E06616EF1FDE5E9600EE6C2B /* CurrentWeatherViewModel.swift in Sources */,
			);
			runOnlyForDeploymentPostprocessing = 0;
		};
		6890B8291F7CC25500ACB755 /* Sources */ = {
			isa = PBXSourcesBuildPhase;
			buildActionMask = 2147483647;
			files = (
				E06616F31FDE663300EE6C2B /* CurrentWeatherUITests.swift in Sources */,
			);
			runOnlyForDeploymentPostprocessing = 0;
		};
		E0D39A611FD943BD000CED99 /* Sources */ = {
			isa = PBXSourcesBuildPhase;
			buildActionMask = 2147483647;
			files = (
				E0D39A681FD943BD000CED99 /* SkyTests.swift in Sources */,
				E01A16E51FD947BE00CBDE75 /* MockURLSessionDataTask.swift in Sources */,
			);
			runOnlyForDeploymentPostprocessing = 0;
		};
/* End PBXSourcesBuildPhase section */

/* Begin PBXTargetDependency section */
		6890B82F1F7CC25500ACB755 /* PBXTargetDependency */ = {
			isa = PBXTargetDependency;
			target = 6890B80D1F7CC25500ACB755 /* Sky */;
			targetProxy = 6890B82E1F7CC25500ACB755 /* PBXContainerItemProxy */;
		};
		E0D39A6B1FD943BD000CED99 /* PBXTargetDependency */ = {
			isa = PBXTargetDependency;
			target = 6890B80D1F7CC25500ACB755 /* Sky */;
			targetProxy = E0D39A6A1FD943BD000CED99 /* PBXContainerItemProxy */;
		};
/* End PBXTargetDependency section */

/* Begin PBXVariantGroup section */
		6890B8151F7CC25500ACB755 /* Main.storyboard */ = {
			isa = PBXVariantGroup;
			children = (
				6890B8161F7CC25500ACB755 /* Base */,
			);
			name = Main.storyboard;
			sourceTree = "<group>";
		};
		6890B81A1F7CC25500ACB755 /* LaunchScreen.storyboard */ = {
			isa = PBXVariantGroup;
			children = (
				6890B81B1F7CC25500ACB755 /* Base */,
			);
			name = LaunchScreen.storyboard;
			sourceTree = "<group>";
		};
/* End PBXVariantGroup section */

/* Begin XCBuildConfiguration section */
		6890B8341F7CC25500ACB755 /* Debug */ = {
			isa = XCBuildConfiguration;
			buildSettings = {
				ALWAYS_SEARCH_USER_PATHS = NO;
				CLANG_ANALYZER_NONNULL = YES;
				CLANG_ANALYZER_NUMBER_OBJECT_CONVERSION = YES_AGGRESSIVE;
				CLANG_CXX_LANGUAGE_STANDARD = "gnu++14";
				CLANG_CXX_LIBRARY = "libc++";
				CLANG_ENABLE_MODULES = YES;
				CLANG_ENABLE_OBJC_ARC = YES;
				CLANG_WARN_BLOCK_CAPTURE_AUTORELEASING = YES;
				CLANG_WARN_BOOL_CONVERSION = YES;
				CLANG_WARN_COMMA = YES;
				CLANG_WARN_CONSTANT_CONVERSION = YES;
				CLANG_WARN_DIRECT_OBJC_ISA_USAGE = YES_ERROR;
				CLANG_WARN_DOCUMENTATION_COMMENTS = YES;
				CLANG_WARN_EMPTY_BODY = YES;
				CLANG_WARN_ENUM_CONVERSION = YES;
				CLANG_WARN_INFINITE_RECURSION = YES;
				CLANG_WARN_INT_CONVERSION = YES;
				CLANG_WARN_NON_LITERAL_NULL_CONVERSION = YES;
				CLANG_WARN_OBJC_LITERAL_CONVERSION = YES;
				CLANG_WARN_OBJC_ROOT_CLASS = YES_ERROR;
				CLANG_WARN_RANGE_LOOP_ANALYSIS = YES;
				CLANG_WARN_STRICT_PROTOTYPES = YES;
				CLANG_WARN_SUSPICIOUS_MOVE = YES;
				CLANG_WARN_UNGUARDED_AVAILABILITY = YES_AGGRESSIVE;
				CLANG_WARN_UNREACHABLE_CODE = YES;
				CLANG_WARN__DUPLICATE_METHOD_MATCH = YES;
				CODE_SIGN_IDENTITY = "iPhone Developer";
				COPY_PHASE_STRIP = NO;
				DEBUG_INFORMATION_FORMAT = dwarf;
				ENABLE_STRICT_OBJC_MSGSEND = YES;
				ENABLE_TESTABILITY = YES;
				GCC_C_LANGUAGE_STANDARD = gnu11;
				GCC_DYNAMIC_NO_PIC = NO;
				GCC_NO_COMMON_BLOCKS = YES;
				GCC_OPTIMIZATION_LEVEL = 0;
				GCC_PREPROCESSOR_DEFINITIONS = (
					"DEBUG=1",
					"$(inherited)",
				);
				GCC_WARN_64_TO_32_BIT_CONVERSION = YES;
				GCC_WARN_ABOUT_RETURN_TYPE = YES_ERROR;
				GCC_WARN_UNDECLARED_SELECTOR = YES;
				GCC_WARN_UNINITIALIZED_AUTOS = YES_AGGRESSIVE;
				GCC_WARN_UNUSED_FUNCTION = YES;
				GCC_WARN_UNUSED_VARIABLE = YES;
				IPHONEOS_DEPLOYMENT_TARGET = 11.0;
				MTL_ENABLE_DEBUG_INFO = YES;
				ONLY_ACTIVE_ARCH = YES;
				SDKROOT = iphoneos;
				SWIFT_ACTIVE_COMPILATION_CONDITIONS = DEBUG;
				SWIFT_OPTIMIZATION_LEVEL = "-Onone";
			};
			name = Debug;
		};
		6890B8351F7CC25500ACB755 /* Release */ = {
			isa = XCBuildConfiguration;
			buildSettings = {
				ALWAYS_SEARCH_USER_PATHS = NO;
				CLANG_ANALYZER_NONNULL = YES;
				CLANG_ANALYZER_NUMBER_OBJECT_CONVERSION = YES_AGGRESSIVE;
				CLANG_CXX_LANGUAGE_STANDARD = "gnu++14";
				CLANG_CXX_LIBRARY = "libc++";
				CLANG_ENABLE_MODULES = YES;
				CLANG_ENABLE_OBJC_ARC = YES;
				CLANG_WARN_BLOCK_CAPTURE_AUTORELEASING = YES;
				CLANG_WARN_BOOL_CONVERSION = YES;
				CLANG_WARN_COMMA = YES;
				CLANG_WARN_CONSTANT_CONVERSION = YES;
				CLANG_WARN_DIRECT_OBJC_ISA_USAGE = YES_ERROR;
				CLANG_WARN_DOCUMENTATION_COMMENTS = YES;
				CLANG_WARN_EMPTY_BODY = YES;
				CLANG_WARN_ENUM_CONVERSION = YES;
				CLANG_WARN_INFINITE_RECURSION = YES;
				CLANG_WARN_INT_CONVERSION = YES;
				CLANG_WARN_NON_LITERAL_NULL_CONVERSION = YES;
				CLANG_WARN_OBJC_LITERAL_CONVERSION = YES;
				CLANG_WARN_OBJC_ROOT_CLASS = YES_ERROR;
				CLANG_WARN_RANGE_LOOP_ANALYSIS = YES;
				CLANG_WARN_STRICT_PROTOTYPES = YES;
				CLANG_WARN_SUSPICIOUS_MOVE = YES;
				CLANG_WARN_UNGUARDED_AVAILABILITY = YES_AGGRESSIVE;
				CLANG_WARN_UNREACHABLE_CODE = YES;
				CLANG_WARN__DUPLICATE_METHOD_MATCH = YES;
				CODE_SIGN_IDENTITY = "iPhone Developer";
				COPY_PHASE_STRIP = NO;
				DEBUG_INFORMATION_FORMAT = "dwarf-with-dsym";
				ENABLE_NS_ASSERTIONS = NO;
				ENABLE_STRICT_OBJC_MSGSEND = YES;
				GCC_C_LANGUAGE_STANDARD = gnu11;
				GCC_NO_COMMON_BLOCKS = YES;
				GCC_WARN_64_TO_32_BIT_CONVERSION = YES;
				GCC_WARN_ABOUT_RETURN_TYPE = YES_ERROR;
				GCC_WARN_UNDECLARED_SELECTOR = YES;
				GCC_WARN_UNINITIALIZED_AUTOS = YES_AGGRESSIVE;
				GCC_WARN_UNUSED_FUNCTION = YES;
				GCC_WARN_UNUSED_VARIABLE = YES;
				IPHONEOS_DEPLOYMENT_TARGET = 11.0;
				MTL_ENABLE_DEBUG_INFO = NO;
				SDKROOT = iphoneos;
				SWIFT_OPTIMIZATION_LEVEL = "-Owholemodule";
				VALIDATE_PRODUCT = YES;
			};
			name = Release;
		};
		6890B8371F7CC25500ACB755 /* Debug */ = {
			isa = XCBuildConfiguration;
			buildSettings = {
				ASSETCATALOG_COMPILER_APPICON_NAME = AppIcon;
				CODE_SIGN_STYLE = Automatic;
				DEVELOPMENT_TEAM = UZZG6NM74T;
				INFOPLIST_FILE = Sky/SupportingFiles/Info.plist;
				LD_RUNPATH_SEARCH_PATHS = "$(inherited) @executable_path/Frameworks";
				PRODUCT_BUNDLE_IDENTIFIER = Bx.Sky;
				PRODUCT_NAME = "$(TARGET_NAME)";
				SWIFT_VERSION = 4.0;
				TARGETED_DEVICE_FAMILY = "1,2";
			};
			name = Debug;
		};
		6890B8381F7CC25500ACB755 /* Release */ = {
			isa = XCBuildConfiguration;
			buildSettings = {
				ASSETCATALOG_COMPILER_APPICON_NAME = AppIcon;
				CODE_SIGN_STYLE = Automatic;
				DEVELOPMENT_TEAM = UZZG6NM74T;
				INFOPLIST_FILE = Sky/SupportingFiles/Info.plist;
				LD_RUNPATH_SEARCH_PATHS = "$(inherited) @executable_path/Frameworks";
				PRODUCT_BUNDLE_IDENTIFIER = Bx.Sky;
				PRODUCT_NAME = "$(TARGET_NAME)";
				SWIFT_VERSION = 4.0;
				TARGETED_DEVICE_FAMILY = "1,2";
			};
			name = Release;
		};
		6890B83D1F7CC25500ACB755 /* Debug */ = {
			isa = XCBuildConfiguration;
			buildSettings = {
				ALWAYS_EMBED_SWIFT_STANDARD_LIBRARIES = YES;
				CLANG_ENABLE_MODULES = YES;
				CODE_SIGN_STYLE = Automatic;
				DEVELOPMENT_TEAM = UZZG6NM74T;
				INFOPLIST_FILE = SkyUITests/Info.plist;
				LD_RUNPATH_SEARCH_PATHS = "$(inherited) @executable_path/Frameworks @loader_path/Frameworks";
				PRODUCT_BUNDLE_IDENTIFIER = Bx.SkyUITests;
				PRODUCT_NAME = "$(TARGET_NAME)";
				SWIFT_OPTIMIZATION_LEVEL = "-Onone";
				SWIFT_VERSION = 4.0;
				TARGETED_DEVICE_FAMILY = "1,2";
				TEST_TARGET_NAME = Sky;
			};
			name = Debug;
		};
		6890B83E1F7CC25500ACB755 /* Release */ = {
			isa = XCBuildConfiguration;
			buildSettings = {
				ALWAYS_EMBED_SWIFT_STANDARD_LIBRARIES = YES;
				CLANG_ENABLE_MODULES = YES;
				CODE_SIGN_STYLE = Automatic;
				DEVELOPMENT_TEAM = UZZG6NM74T;
				INFOPLIST_FILE = SkyUITests/Info.plist;
				LD_RUNPATH_SEARCH_PATHS = "$(inherited) @executable_path/Frameworks @loader_path/Frameworks";
				PRODUCT_BUNDLE_IDENTIFIER = Bx.SkyUITests;
				PRODUCT_NAME = "$(TARGET_NAME)";
				SWIFT_VERSION = 4.0;
				TARGETED_DEVICE_FAMILY = "1,2";
				TEST_TARGET_NAME = Sky;
			};
			name = Release;
		};
		E0D39A6D1FD943BD000CED99 /* Debug */ = {
			isa = XCBuildConfiguration;
			buildSettings = {
				BUNDLE_LOADER = "$(TEST_HOST)";
				CODE_SIGN_STYLE = Automatic;
				DEVELOPMENT_TEAM = UZZG6NM74T;
				INFOPLIST_FILE = SkyTests/Info.plist;
				IPHONEOS_DEPLOYMENT_TARGET = 11.2;
				LD_RUNPATH_SEARCH_PATHS = "$(inherited) @executable_path/Frameworks @loader_path/Frameworks";
				PRODUCT_BUNDLE_IDENTIFIER = com.zhengwen.DKByRoni.SkyTests;
				PRODUCT_NAME = "$(TARGET_NAME)";
				SWIFT_VERSION = 4.0;
				TARGETED_DEVICE_FAMILY = "1,2";
				TEST_HOST = "$(BUILT_PRODUCTS_DIR)/Sky.app/Sky";
			};
			name = Debug;
		};
		E0D39A6E1FD943BD000CED99 /* Release */ = {
			isa = XCBuildConfiguration;
			buildSettings = {
				BUNDLE_LOADER = "$(TEST_HOST)";
				CODE_SIGN_STYLE = Automatic;
				DEVELOPMENT_TEAM = UZZG6NM74T;
				INFOPLIST_FILE = SkyTests/Info.plist;
				IPHONEOS_DEPLOYMENT_TARGET = 11.2;
				LD_RUNPATH_SEARCH_PATHS = "$(inherited) @executable_path/Frameworks @loader_path/Frameworks";
				PRODUCT_BUNDLE_IDENTIFIER = com.zhengwen.DKByRoni.SkyTests;
				PRODUCT_NAME = "$(TARGET_NAME)";
				SWIFT_VERSION = 4.0;
				TARGETED_DEVICE_FAMILY = "1,2";
				TEST_HOST = "$(BUILT_PRODUCTS_DIR)/Sky.app/Sky";
			};
			name = Release;
		};
/* End XCBuildConfiguration section */

/* Begin XCConfigurationList section */
		6890B8091F7CC25500ACB755 /* Build configuration list for PBXProject "Sky" */ = {
			isa = XCConfigurationList;
			buildConfigurations = (
				6890B8341F7CC25500ACB755 /* Debug */,
				6890B8351F7CC25500ACB755 /* Release */,
			);
			defaultConfigurationIsVisible = 0;
			defaultConfigurationName = Release;
		};
		6890B8361F7CC25500ACB755 /* Build configuration list for PBXNativeTarget "Sky" */ = {
			isa = XCConfigurationList;
			buildConfigurations = (
				6890B8371F7CC25500ACB755 /* Debug */,
				6890B8381F7CC25500ACB755 /* Release */,
			);
			defaultConfigurationIsVisible = 0;
			defaultConfigurationName = Release;
		};
		6890B83C1F7CC25500ACB755 /* Build configuration list for PBXNativeTarget "SkyUITests" */ = {
			isa = XCConfigurationList;
			buildConfigurations = (
				6890B83D1F7CC25500ACB755 /* Debug */,
				6890B83E1F7CC25500ACB755 /* Release */,
			);
			defaultConfigurationIsVisible = 0;
			defaultConfigurationName = Release;
		};
		E0D39A6C1FD943BD000CED99 /* Build configuration list for PBXNativeTarget "SkyTests" */ = {
			isa = XCConfigurationList;
			buildConfigurations = (
				E0D39A6D1FD943BD000CED99 /* Debug */,
				E0D39A6E1FD943BD000CED99 /* Release */,
			);
			defaultConfigurationIsVisible = 0;
			defaultConfigurationName = Release;
		};
/* End XCConfigurationList section */
	};
	rootObject = 6890B8061F7CC25500ACB755 /* Project object */;
}
